
Microsoft Visual Studio Solution File, Format Version 12.00
# Visual Studio Version 17
VisualStudioVersion = 17.8.34330.188
MinimumVisualStudioVersion = 10.0.40219.1
Project("{FAE04EC0-301F-11D3-BF4B-00C04F79EFBC}") = "CLT_WebApplication", "CLT_WebApplication\CLT_WebApplication.csproj", "{6507767D-0232-40B0-B51A-FCE92294A5A9}"
EndProject
Global
	GlobalSection(SolutionConfigurationPlatforms) = preSolution
		Debug|Any CPU = Debug|Any CPU
		Release|Any CPU = Release|Any CPU
	EndGlobalSection
	GlobalSection(ProjectConfigurationPlatforms) = postSolution
		{6507767D-0232-40B0-B51A-FCE92294A5A9}.Debug|Any CPU.ActiveCfg = Debug|Any CPU
		{6507767D-0232-40B0-B51A-FCE92294A5A9}.Debug|Any CPU.Build.0 = Debug|Any CPU
		{6507767D-0232-40B0-B51A-FCE92294A5A9}.Release|Any CPU.ActiveCfg = Release|Any CPU
		{6507767D-0232-40B0-B51A-FCE92294A5A9}.Release|Any CPU.Build.0 = Release|Any CPU
	EndGlobalSection
	GlobalSection(SolutionProperties) = preSolution
		HideSolutionNode = FALSE
	EndGlobalSection
	GlobalSection(ExtensibilityGlobals) = postSolution
		SolutionGuid = {D25A969D-4BCA-489B-8E6A-64E53E4404A6}
	EndGlobalSection
EndGlobal
